
Microsoft Visual Studio Solution File, Format Version 12.00
# Visual Studio 15
VisualStudioVersion = 15.0.26730.12
MinimumVisualStudioVersion = 10.0.40219.1
Project("{FAE04EC0-301F-11D3-BF4B-00C04F79EFBC}") = "IlarosLauncher", "IlarosLauncher\IlarosLauncher.csproj", "{F19C54B4-6E84-4EC2-9535-0A136A55C42A}"
EndProject
Project("{2150E333-8FDC-42A3-9474-1A3956D46DE8}") = "External", "External", "{F3CF47E6-E386-416E-AFAE-8906FC15ECA1}"
EndProject
Project("{2150E333-8FDC-42A3-9474-1A3956D46DE8}") = "MaxLib", "MaxLib", "{652B7A30-9CD8-4C24-8576-6052A7DBF03F}"
EndProject
Project("{FAE04EC0-301F-11D3-BF4B-00C04F79EFBC}") = "MaxLib", "External\MaxLib\MaxLib\MaxLib\MaxLib.csproj", "{D53BE740-579B-412D-9FA8-3505A12E958D}"
EndProject
Project("{2150E333-8FDC-42A3-9474-1A3956D46DE8}") = "Utils", "Utils", "{F283AB81-B39B-451A-8737-F65B93025073}"
EndProject
Project("{FAE04EC0-301F-11D3-BF4B-00C04F79EFBC}") = "compacthelper", "Utils\compacthelper\compacthelper.csproj", "{EAF04458-E1EE-4777-B14C-33216B168C8C}"
EndProject
Project("{FAE04EC0-301F-11D3-BF4B-00C04F79EFBC}") = "fileinfo", "Utils\fileinfo\fileinfo.csproj", "{E5A07F4E-9CAE-45B4-9347-895E4B521587}"
EndProject
Project("{2150E333-8FDC-42A3-9474-1A3956D46DE8}") = "Install", "Install", "{7FD5E5E0-E1BB-4EA8-8558-43DA2140E9CC}"
EndProject
Project("{FAE04EC0-301F-11D3-BF4B-00C04F79EFBC}") = "IlarosLauncher.UpdaterCreator", "Install\IlarosLauncher.UpdaterCreator\IlarosLauncher.UpdaterCreator.csproj", "{B6F383E9-575B-42FB-B4F6-0225723CEA70}"
EndProject
Project("{FAE04EC0-301F-11D3-BF4B-00C04F79EFBC}") = "IlarosLauncher.Update", "Install\IlarosLauncher.Update\IlarosLauncher.Update.csproj", "{55FA30F1-9523-4BF9-A40A-D178D44C790A}"
EndProject
Project("{FAE04EC0-301F-11D3-BF4B-00C04F79EFBC}") = "Content", "Content\Content.csproj", "{9DA40BF7-F4D7-437C-96A9-8620A2C130D0}"
EndProject
Project("{FAE04EC0-301F-11D3-BF4B-00C04F79EFBC}") = "IlarosLauncher.UpdateClient", "Install\IlarosLauncher.UpdateClient\IlarosLauncher.UpdateClient.csproj", "{F91E5541-82B8-45AA-9D4D-FE194B27B5A1}"
EndProject
Global
	GlobalSection(SolutionConfigurationPlatforms) = preSolution
		Debug|Any CPU = Debug|Any CPU
		Release|Any CPU = Release|Any CPU
	EndGlobalSection
	GlobalSection(ProjectConfigurationPlatforms) = postSolution
		{F19C54B4-6E84-4EC2-9535-0A136A55C42A}.Debug|Any CPU.ActiveCfg = Debug|Any CPU
		{F19C54B4-6E84-4EC2-9535-0A136A55C42A}.Debug|Any CPU.Build.0 = Debug|Any CPU
		{F19C54B4-6E84-4EC2-9535-0A136A55C42A}.Release|Any CPU.ActiveCfg = Release|Any CPU
		{F19C54B4-6E84-4EC2-9535-0A136A55C42A}.Release|Any CPU.Build.0 = Release|Any CPU
		{D53BE740-579B-412D-9FA8-3505A12E958D}.Debug|Any CPU.ActiveCfg = Debug|Any CPU
		{D53BE740-579B-412D-9FA8-3505A12E958D}.Debug|Any CPU.Build.0 = Debug|Any CPU
		{D53BE740-579B-412D-9FA8-3505A12E958D}.Release|Any CPU.ActiveCfg = Release|Any CPU
		{D53BE740-579B-412D-9FA8-3505A12E958D}.Release|Any CPU.Build.0 = Release|Any CPU
		{EAF04458-E1EE-4777-B14C-33216B168C8C}.Debug|Any CPU.ActiveCfg = Debug|Any CPU
		{EAF04458-E1EE-4777-B14C-33216B168C8C}.Debug|Any CPU.Build.0 = Debug|Any CPU
		{EAF04458-E1EE-4777-B14C-33216B168C8C}.Release|Any CPU.ActiveCfg = Release|Any CPU
		{EAF04458-E1EE-4777-B14C-33216B168C8C}.Release|Any CPU.Build.0 = Release|Any CPU
		{E5A07F4E-9CAE-45B4-9347-895E4B521587}.Debug|Any CPU.ActiveCfg = Debug|Any CPU
		{E5A07F4E-9CAE-45B4-9347-895E4B521587}.Debug|Any CPU.Build.0 = Debug|Any CPU
		{E5A07F4E-9CAE-45B4-9347-895E4B521587}.Release|Any CPU.ActiveCfg = Release|Any CPU
		{E5A07F4E-9CAE-45B4-9347-895E4B521587}.Release|Any CPU.Build.0 = Release|Any CPU
		{B6F383E9-575B-42FB-B4F6-0225723CEA70}.Debug|Any CPU.ActiveCfg = Debug|Any CPU
		{B6F383E9-575B-42FB-B4F6-0225723CEA70}.Debug|Any CPU.Build.0 = Debug|Any CPU
		{B6F383E9-575B-42FB-B4F6-0225723CEA70}.Release|Any CPU.ActiveCfg = Release|Any CPU
		{B6F383E9-575B-42FB-B4F6-0225723CEA70}.Release|Any CPU.Build.0 = Release|Any CPU
		{55FA30F1-9523-4BF9-A40A-D178D44C790A}.Debug|Any CPU.ActiveCfg = Debug|Any CPU
		{55FA30F1-9523-4BF9-A40A-D178D44C790A}.Debug|Any CPU.Build.0 = Debug|Any CPU
		{55FA30F1-9523-4BF9-A40A-D178D44C790A}.Release|Any CPU.ActiveCfg = Release|Any CPU
		{55FA30F1-9523-4BF9-A40A-D178D44C790A}.Release|Any CPU.Build.0 = Release|Any CPU
		{9DA40BF7-F4D7-437C-96A9-8620A2C130D0}.Debug|Any CPU.ActiveCfg = Debug|Any CPU
		{9DA40BF7-F4D7-437C-96A9-8620A2C130D0}.Debug|Any CPU.Build.0 = Debug|Any CPU
		{9DA40BF7-F4D7-437C-96A9-8620A2C130D0}.Release|Any CPU.ActiveCfg = Release|Any CPU
		{9DA40BF7-F4D7-437C-96A9-8620A2C130D0}.Release|Any CPU.Build.0 = Release|Any CPU
		{F91E5541-82B8-45AA-9D4D-FE194B27B5A1}.Debug|Any CPU.ActiveCfg = Debug|Any CPU
		{F91E5541-82B8-45AA-9D4D-FE194B27B5A1}.Debug|Any CPU.Build.0 = Debug|Any CPU
		{F91E5541-82B8-45AA-9D4D-FE194B27B5A1}.Release|Any CPU.ActiveCfg = Release|Any CPU
		{F91E5541-82B8-45AA-9D4D-FE194B27B5A1}.Release|Any CPU.Build.0 = Release|Any CPU
	EndGlobalSection
	GlobalSection(SolutionProperties) = preSolution
		HideSolutionNode = FALSE
	EndGlobalSection
	GlobalSection(NestedProjects) = preSolution
		{652B7A30-9CD8-4C24-8576-6052A7DBF03F} = {F3CF47E6-E386-416E-AFAE-8906FC15ECA1}
		{D53BE740-579B-412D-9FA8-3505A12E958D} = {652B7A30-9CD8-4C24-8576-6052A7DBF03F}
		{EAF04458-E1EE-4777-B14C-33216B168C8C} = {F283AB81-B39B-451A-8737-F65B93025073}
		{E5A07F4E-9CAE-45B4-9347-895E4B521587} = {F283AB81-B39B-451A-8737-F65B93025073}
		{B6F383E9-575B-42FB-B4F6-0225723CEA70} = {7FD5E5E0-E1BB-4EA8-8558-43DA2140E9CC}
		{55FA30F1-9523-4BF9-A40A-D178D44C790A} = {7FD5E5E0-E1BB-4EA8-8558-43DA2140E9CC}
		{F91E5541-82B8-45AA-9D4D-FE194B27B5A1} = {7FD5E5E0-E1BB-4EA8-8558-43DA2140E9CC}
	EndGlobalSection
	GlobalSection(ExtensibilityGlobals) = postSolution
		SolutionGuid = {E7C3F3D9-B3CA-4854-A8EC-154CA8239196}
	EndGlobalSection
EndGlobal
